Microsoft Visual Studio Solution File, Format Version 9.00
# Visual Studio 2005
Project("{FAE04EC0-301F-11D3-BF4B-00C04F79EFBC}") = "SqlAdmin", "SqlAdmin.csproj", "{B02B97F6-AB1B-4F01-8EC6-67140945B542}"
EndProject
Global
	GlobalSection(SolutionConfigurationPlatforms) = preSolution
		Debug|Any CPU = Debug|Any CPU
		Release|Any CPU = Release|Any CPU
	EndGlobalSection
	GlobalSection(ProjectConfigurationPlatforms) = postSolution
		{B02B97F6-AB1B-4F01-8EC6-67140945B542}.Debug|Any CPU.ActiveCfg = Debug|Any CPU
		{B02B97F6-AB1B-4F01-8EC6-67140945B542}.Debug|Any CPU.Build.0 = Debug|Any CPU
		{B02B97F6-AB1B-4F01-8EC6-67140945B542}.Release|Any CPU.ActiveCfg = Release|Any CPU
		{B02B97F6-AB1B-4F01-8EC6-67140945B542}.Release|Any CPU.Build.0 = Release|Any CPU
	EndGlobalSection
	GlobalSection(SolutionProperties) = preSolution
		HideSolutionNode = FALSE
	EndGlobalSection
EndGlobal
